
Microsoft Visual Studio Solution File, Format Version 12.00
# Visual Studio Version 17
VisualStudioVersion = 17.10.34916.146
MinimumVisualStudioVersion = 10.0.40219.1
Project("{8BC9CEB8-8B4A-11D0-8D11-00A0C91BC942}") = "Banking Management System", "Banking Management System\Banking Management System.vcxproj", "{4E5B73E0-53E3-4AFE-8645-EAAA8C2136BB}"
EndProject
Global
	GlobalSection(SolutionConfigurationPlatforms) = preSolution
		Debug|x64 = Debug|x64
		Debug|x86 = Debug|x86
		Release|x64 = Release|x64
		Release|x86 = Release|x86
	EndGlobalSection
	GlobalSection(ProjectConfigurationPlatforms) = postSolution
		{4E5B73E0-53E3-4AFE-8645-EAAA8C2136BB}.Debug|x64.ActiveCfg = Debug|x64
		{4E5B73E0-53E3-4AFE-8645-EAAA8C2136BB}.Debug|x64.Build.0 = Debug|x64
		{4E5B73E0-53E3-4AFE-8645-EAAA8C2136BB}.Debug|x86.ActiveCfg = Debug|Win32
		{4E5B73E0-53E3-4AFE-8645-EAAA8C2136BB}.Debug|x86.Build.0 = Debug|Win32
		{4E5B73E0-53E3-4AFE-8645-EAAA8C2136BB}.Release|x64.ActiveCfg = Release|x64
		{4E5B73E0-53E3-4AFE-8645-EAAA8C2136BB}.Release|x64.Build.0 = Release|x64
		{4E5B73E0-53E3-4AFE-8645-EAAA8C2136BB}.Release|x86.ActiveCfg = Release|Win32
		{4E5B73E0-53E3-4AFE-8645-EAAA8C2136BB}.Release|x86.Build.0 = Release|Win32
	EndGlobalSection
	GlobalSection(SolutionProperties) = preSolution
		HideSolutionNode = FALSE
	EndGlobalSection
	GlobalSection(ExtensibilityGlobals) = postSolution
		SolutionGuid = {39A910F0-6AC7-4832-BC59-6B4B842502DE}
	EndGlobalSection
EndGlobal
